
Microsoft Visual Studio Solution File, Format Version 12.00
# Visual Studio 15
Project("{FAE04EC0-301F-11D3-BF4B-00C04F79EFBC}") = "StarkbankEcdsa", "EcdsaDotNet\StarkbankEcdsa.csproj", "{0DB641BA-A2D8-45AF-9F81-FF41487E6B1B}"
EndProject
Project("{FAE04EC0-301F-11D3-BF4B-00C04F79EFBC}") = "StarkbankEcdsaTests", "StarkbankEcdsaTests\StarkbankEcdsaTests.csproj", "{C1CCFE6D-259D-49D9-9067-02DEADE285F7}"
EndProject
Global
	GlobalSection(SolutionConfigurationPlatforms) = preSolution
		Debug|Any CPU = Debug|Any CPU
		Release|Any CPU = Release|Any CPU
	EndGlobalSection
	GlobalSection(ProjectConfigurationPlatforms) = postSolution
		{0DB641BA-A2D8-45AF-9F81-FF41487E6B1B}.Debug|Any CPU.ActiveCfg = Debug|Any CPU
		{0DB641BA-A2D8-45AF-9F81-FF41487E6B1B}.Debug|Any CPU.Build.0 = Debug|Any CPU
		{0DB641BA-A2D8-45AF-9F81-FF41487E6B1B}.Release|Any CPU.ActiveCfg = Release|Any CPU
		{0DB641BA-A2D8-45AF-9F81-FF41487E6B1B}.Release|Any CPU.Build.0 = Release|Any CPU
		{C1CCFE6D-259D-49D9-9067-02DEADE285F7}.Debug|Any CPU.ActiveCfg = Debug|Any CPU
		{C1CCFE6D-259D-49D9-9067-02DEADE285F7}.Debug|Any CPU.Build.0 = Debug|Any CPU
		{C1CCFE6D-259D-49D9-9067-02DEADE285F7}.Release|Any CPU.ActiveCfg = Release|Any CPU
		{C1CCFE6D-259D-49D9-9067-02DEADE285F7}.Release|Any CPU.Build.0 = Release|Any CPU
	EndGlobalSection
	GlobalSection(MonoDevelopProperties) = preSolution
		Policies = $0
		$0.DotNetNamingPolicy = $1
		$1.DirectoryNamespaceAssociation = PrefixedHierarchical
		$0.StandardHeader = $2
		$0.VersionControlPolicy = $3
		description = Pure C# implementation of the Elliptic Curve Digital Signature Algorithm (ECDSA) by Stark Bank
		version = 1.3.2
	EndGlobalSection
EndGlobal
